
Microsoft Visual Studio Solution File, Format Version 12.00
# Visual Studio 2012
Project("{FAE04EC0-301F-11D3-BF4B-00C04F79EFBC}") = "Library", "Library\Library.csproj", "{9770ED64-5C0A-4639-B9D3-862FA827789C}"
EndProject
Global
	GlobalSection(SolutionConfigurationPlatforms) = preSolution
		Debug|Any CPU = Debug|Any CPU
		Release|Any CPU = Release|Any CPU
	EndGlobalSection
	GlobalSection(ProjectConfigurationPlatforms) = postSolution
		{9770ED64-5C0A-4639-B9D3-862FA827789C}.Debug|Any CPU.ActiveCfg = Debug|Any CPU
		{9770ED64-5C0A-4639-B9D3-862FA827789C}.Debug|Any CPU.Build.0 = Debug|Any CPU
		{9770ED64-5C0A-4639-B9D3-862FA827789C}.Release|Any CPU.ActiveCfg = Release|Any CPU
		{9770ED64-5C0A-4639-B9D3-862FA827789C}.Release|Any CPU.Build.0 = Release|Any CPU
	EndGlobalSection
EndGlobal
